{
  "nodes": {
    "arto": {
      "inputs": {
        "crane": "crane",
        "nixpkgs": "nixpkgs"
      },
      "locked": {
        "lastModified": 1772159306,
        "narHash": "sha256-d5mz5Zh0pmbUvEDub9jtNeFlwgUursxAta7CiYvgKoA=",
        "owner": "arto-app",
        "repo": "Arto",
        "rev": "de77c679732d6b5ce4d0f1970a633b6c5a232ce1",
        "type": "github"
      },
      "original": {
        "owner": "arto-app",
        "repo": "Arto",
        "type": "github"
      }
    },
    "cf-page-to-md": {
      "inputs": {
        "flake-utils": "flake-utils",
        "nixpkgs": "nixpkgs_2"
      },
      "locked": {
        "lastModified": 1770958155,
        "narHash": "sha256-wv5JWtMqgTQeZQA2TEFqkE2YfcZL/HrURq6/k/HV5pw=",
        "owner": "ayuukumakuma",
        "repo": "cf-page-to-md",
        "rev": "4cf167b8604abc29e710e51933d8eb6686fd950a",
        "type": "github"
      },
      "original": {
        "owner": "ayuukumakuma",
        "repo": "cf-page-to-md",
        "type": "github"
      }
    },
    "claude-code-overlay": {
      "inputs": {
        "nixpkgs": [
          "nixpkgs"
        ]
      },
      "locked": {
        "lastModified": 1772618875,
        "narHash": "sha256-clUuI3fKTDG19LkfNMxaPnxI16vHiUNrofaCBRz71j4=",
        "owner": "ryoppippi",
        "repo": "claude-code-overlay",
        "rev": "09e9067df34c4c00675cea09eb699bdb98777596",
        "type": "github"
      },
      "original": {
        "owner": "ryoppippi",
        "repo": "claude-code-overlay",
        "type": "github"
      }
    },
    "crane": {
      "locked": {
        "lastModified": 1770419512,
        "narHash": "sha256-o8Vcdz6B6bkiGUYkZqFwH3Pv1JwZyXht3dMtS7RchIo=",
        "owner": "ipetkov",
        "repo": "crane",
        "rev": "2510f2cbc3ccd237f700bb213756a8f35c32d8d7",
        "type": "github"
      },
      "original": {
        "owner": "ipetkov",
        "repo": "crane",
        "type": "github"
      }
    },
    "flake-utils": {
      "inputs": {
        "systems": "systems"
      },
      "locked": {
        "lastModified": 1731533236,
        "narHash": "sha256-l0KFg5HjrsfsO/JpG+r7fRrqm12kzFHyUHqHCVpMMbI=",
        "owner": "numtide",
        "repo": "flake-utils",
        "rev": "11707dc2f618dd54ca8739b309ec4fc024de578b",
        "type": "github"
      },
      "original": {
        "owner": "numtide",
        "repo": "flake-utils",
        "type": "github"
      }
    },
    "flake-utils_2": {
      "inputs": {
        "systems": "systems_2"
      },
      "locked": {
        "lastModified": 1731533236,
        "narHash": "sha256-l0KFg5HjrsfsO/JpG+r7fRrqm12kzFHyUHqHCVpMMbI=",
        "owner": "numtide",
        "repo": "flake-utils",
        "rev": "11707dc2f618dd54ca8739b309ec4fc024de578b",
        "type": "github"
      },
      "original": {
        "owner": "numtide",
        "repo": "flake-utils",
        "type": "github"
      }
    },
    "home-manager": {
      "inputs": {
        "nixpkgs": [
          "nixpkgs"
        ]
      },
      "locked": {
        "lastModified": 1772633327,
        "narHash": "sha256-jl+DJB2DUx7EbWLRng+6HNWW/1/VQOnf0NsQB4PlA7I=",
        "owner": "nix-community",
        "repo": "home-manager",
        "rev": "5a75730e6f21ee624cbf86f4915c6e7489c74acc",
        "type": "github"
      },
      "original": {
        "owner": "nix-community",
        "repo": "home-manager",
        "type": "github"
      }
    },
    "nix-darwin": {
      "inputs": {
        "nixpkgs": [
          "nixpkgs"
        ]
      },
      "locked": {
        "lastModified": 1772379624,
        "narHash": "sha256-NG9LLTWlz4YiaTAiRGChbrzbVxBfX+Auq4Ab/SWmk4A=",
        "owner": "LnL7",
        "repo": "nix-darwin",
        "rev": "52d061516108769656a8bd9c6e811c677ec5b462",
        "type": "github"
      },
      "original": {
        "owner": "LnL7",
        "repo": "nix-darwin",
        "type": "github"
      }
    },
    "nixpkgs": {
      "locked": {
        "lastModified": 1770169770,
        "narHash": "sha256-awR8qIwJxJJiOmcEGgP2KUqYmHG4v/z8XpL9z8FnT1A=",
        "owner": "NixOS",
        "repo": "nixpkgs",
        "rev": "aa290c9891fa4ebe88f8889e59633d20cc06a5f2",
        "type": "github"
      },
      "original": {
        "owner": "NixOS",
        "ref": "nixpkgs-unstable",
        "repo": "nixpkgs",
        "type": "github"
      }
    },
    "nixpkgs_2": {
      "locked": {
        "lastModified": 1767313136,
        "narHash": "sha256-16KkgfdYqjaeRGBaYsNrhPRRENs0qzkQVUooNHtoy2w=",
        "owner": "NixOS",
        "repo": "nixpkgs",
        "rev": "ac62194c3917d5f474c1a844b6fd6da2db95077d",
        "type": "github"
      },
      "original": {
        "owner": "NixOS",
        "ref": "nixos-25.05",
        "repo": "nixpkgs",
        "type": "github"
      }
    },
    "nixpkgs_3": {
      "locked": {
        "lastModified": 1772542754,
        "narHash": "sha256-WGV2hy+VIeQsYXpsLjdr4GvHv5eECMISX1zKLTedhdg=",
        "owner": "nixos",
        "repo": "nixpkgs",
        "rev": "8c809a146a140c5c8806f13399592dbcb1bb5dc4",
        "type": "github"
      },
      "original": {
        "owner": "nixos",
        "ref": "nixos-unstable",
        "repo": "nixpkgs",
        "type": "github"
      }
    },
    "nixpkgs_4": {
      "locked": {
        "lastModified": 1772419343,
        "narHash": "sha256-QU3Cd5DJH7dHyMnGEFfPcZDaCAsJQ6tUD+JuUsYqnKU=",
        "owner": "NixOS",
        "repo": "nixpkgs",
        "rev": "93178f6a00c22fcdee1c6f5f9ab92f2072072ea9",
        "type": "github"
      },
      "original": {
        "owner": "NixOS",
        "ref": "nixpkgs-unstable",
        "repo": "nixpkgs",
        "type": "github"
      }
    },
    "root": {
      "inputs": {
        "arto": "arto",
        "cf-page-to-md": "cf-page-to-md",
        "claude-code-overlay": "claude-code-overlay",
        "home-manager": "home-manager",
        "nix-darwin": "nix-darwin",
        "nixpkgs": "nixpkgs_3",
        "yazi": "yazi"
      }
    },
    "rust-overlay": {
      "inputs": {
        "nixpkgs": [
          "yazi",
          "nixpkgs"
        ]
      },
      "locked": {
        "lastModified": 1772420823,
        "narHash": "sha256-q3oVwz1Rx41D1D+F6vg41kpOkk3Zi3KwnkHEZp7DCGs=",
        "owner": "oxalica",
        "repo": "rust-overlay",
        "rev": "458eea8d905c609e9d889423e6b8a1c7bc2f792c",
        "type": "github"
      },
      "original": {
        "owner": "oxalica",
        "repo": "rust-overlay",
        "type": "github"
      }
    },
    "systems": {
      "locked": {
        "lastModified": 1681028828,
        "narHash": "sha256-Vy1rq5AaRuLzOxct8nz4T6wlgyUR7zLU309k9mBC768=",
        "owner": "nix-systems",
        "repo": "default",
        "rev": "da67096a3b9bf56a91d16901293e51ba5b49a27e",
        "type": "github"
      },
      "original": {
        "owner": "nix-systems",
        "repo": "default",
        "type": "github"
      }
    },
    "systems_2": {
      "locked": {
        "lastModified": 1681028828,
        "narHash": "sha256-Vy1rq5AaRuLzOxct8nz4T6wlgyUR7zLU309k9mBC768=",
        "owner": "nix-systems",
        "repo": "default",
        "rev": "da67096a3b9bf56a91d16901293e51ba5b49a27e",
        "type": "github"
      },
      "original": {
        "owner": "nix-systems",
        "repo": "default",
        "type": "github"
      }
    },
    "yazi": {
      "inputs": {
        "flake-utils": "flake-utils_2",
        "nixpkgs": "nixpkgs_4",
        "rust-overlay": "rust-overlay"
      },
      "locked": {
        "lastModified": 1772609773,
        "narHash": "sha256-+icOj/0PXwaRliwNdd7PD4F992FZ5ohJqhM6JwF9h0w=",
        "owner": "sxyazi",
        "repo": "yazi",
        "rev": "9648d8a43b340e972122a88e525f15d1d0f89a01",
        "type": "github"
      },
      "original": {
        "owner": "sxyazi",
        "repo": "yazi",
        "type": "github"
      }
    }
  },
  "root": "root",
  "version": 7
}
